{
  "version": 4,
  "terraform_version": "0.12.23",
  "serial": 42,
  "lineage": "46f45dbd-07a1-1a55-ae18-7d3d93afc15f",
  "outputs": {},
  "resources": [
    {
      "mode": "data",
      "type": "template_file",
      "name": "myapp-task-definition-template",
      "provider": "provider.template",
      "instances": [
        {
          "schema_version": 0,
          "attributes": {
            "filename": null,
            "id": "30cabde4ec2557103e00b944725ee81acf4d67f633ea1d55613f5b9729fdd142",
            "rendered": "[\n  {\n    \"memory\": 256,\n    \"name\": \"myapp\",\n    \"cpu\": 256,\n    \"image\": \"169783059585.dkr.ecr.eu-west-2.amazonaws.com/myapp:latest\",\n    \"environment\": [\n    \t{\"name\": \"SLACK_WEBHOOK\", \"value\":\"https://www.mywebhook.com\"},\n    \t{\"name\": \"SNOWFLAKE_PASSWORD\", \"value\":\"mypassword\"},\n    \t{\"name\": \"ANOTHER_VARIABLE\", \"value\":\"anothervalue\"},\n    \t{\"name\": \"YET_ANOTHER_VARIABLE\", \"value\":\"anothervalue\"}\n    ]\n  }\n]\n\n",
            "template": "[\n  {\n    \"memory\": 256,\n    \"name\": \"myapp\",\n    \"cpu\": 256,\n    \"image\": \"${REPOSITORY_URL}:latest\",\n    \"environment\": [\n    \t{\"name\": \"SLACK_WEBHOOK\", \"value\":\"https://www.mywebhook.com\"},\n    \t{\"name\": \"SNOWFLAKE_PASSWORD\", \"value\":\"mypassword\"},\n    \t{\"name\": \"ANOTHER_VARIABLE\", \"value\":\"anothervalue\"},\n    \t{\"name\": \"YET_ANOTHER_VARIABLE\", \"value\":\"anothervalue\"}\n    ]\n  }\n]\n\n",
            "vars": {
              "REPOSITORY_URL": "169783059585.dkr.ecr.eu-west-2.amazonaws.com/myapp"
            }
          }
        }
      ]
    },
    {
      "mode": "managed",
      "type": "aws_cloudwatch_event_rule",
      "name": "my_app_daily",
      "provider": "provider.aws",
      "instances": [
        {
          "schema_version": 0,
          "attributes": {
            "arn": "arn:aws:events:eu-west-2:169783059585:rule/Run_ECS_daily",
            "description": "Run ECS MyApp 7 am daily",
            "event_pattern": null,
            "id": "Run_ECS_daily",
            "is_enabled": true,
            "name": "Run_ECS_daily",
            "name_prefix": null,
            "role_arn": "",
            "schedule_expression": "cron(0 7 * * ? *)",
            "tags": {}
          },
          "private": "bnVsbA=="
        }
      ]
    },
    {
      "mode": "managed",
      "type": "aws_cloudwatch_event_target",
      "name": "ecs_scheduled_task",
      "provider": "provider.aws",
      "instances": [
        {
          "schema_version": 0,
          "attributes": {
            "arn": "arn:aws:ecs:eu-west-2:169783059585:cluster/example-cluster",
            "batch_target": [],
            "ecs_target": [
              {
                "group": "",
                "launch_type": "EC2",
                "network_configuration": [],
                "platform_version": "",
                "task_count": 1,
                "task_definition_arn": "arn:aws:ecs:eu-west-2:169783059585:task-definition/myapp:5"
              }
            ],
            "id": "Run_ECS_daily-run-myapp-daily",
            "input": "",
            "input_path": "",
            "input_transformer": [],
            "kinesis_target": [],
            "role_arn": "arn:aws:iam::169783059585:role/terraform-admin",
            "rule": "Run_ECS_daily",
            "run_command_targets": [],
            "sqs_target": [],
            "target_id": "run-myapp-daily"
          },
          "private": "bnVsbA==",
          "dependencies": [
            "aws_cloudwatch_event_rule.my_app_daily",
            "aws_ecs_cluster.example-cluster",
            "aws_ecs_task_definition.myapp-task-definition",
            "aws_iam_role.admin"
          ]
        }
      ]
    },
    {
      "mode": "managed",
      "type": "aws_ecr_repository",
      "name": "myapp",
      "provider": "provider.aws",
      "instances": [
        {
          "schema_version": 0,
          "attributes": {
            "arn": "arn:aws:ecr:eu-west-2:169783059585:repository/myapp",
            "id": "myapp",
            "image_scanning_configuration": [
              {
                "scan_on_push": false
              }
            ],
            "image_tag_mutability": "MUTABLE",
            "name": "myapp",
            "registry_id": "169783059585",
            "repository_url": "169783059585.dkr.ecr.eu-west-2.amazonaws.com/myapp",
            "tags": {},
            "timeouts": null
          },
          "private": "eyJlMmJmYjczMC1lY2FhLTExZTYtOGY4OC0zNDM2M2JjN2M0YzAiOnsiZGVsZXRlIjoxMjAwMDAwMDAwMDAwfX0="
        }
      ]
    },
    {
      "mode": "managed",
      "type": "aws_ecs_cluster",
      "name": "example-cluster",
      "provider": "provider.aws",
      "instances": [
        {
          "schema_version": 0,
          "attributes": {
            "arn": "arn:aws:ecs:eu-west-2:169783059585:cluster/example-cluster",
            "capacity_providers": [],
            "default_capacity_provider_strategy": [],
            "id": "arn:aws:ecs:eu-west-2:169783059585:cluster/example-cluster",
            "name": "example-cluster",
            "setting": [
              {
                "name": "containerInsights",
                "value": "disabled"
              }
            ],
            "tags": {}
          },
          "private": "bnVsbA=="
        }
      ]
    },
    {
      "mode": "managed",
      "type": "aws_ecs_task_definition",
      "name": "myapp-task-definition",
      "provider": "provider.aws",
      "instances": [
        {
          "schema_version": 1,
          "attributes": {
            "arn": "arn:aws:ecs:eu-west-2:169783059585:task-definition/myapp:5",
            "container_definitions": "[{\"cpu\":256,\"environment\":[{\"name\":\"SNOWFLAKE_PASSWORD\",\"value\":\"mypassword\"},{\"name\":\"ANOTHER_VARIABLE\",\"value\":\"anothervalue\"},{\"name\":\"YET_ANOTHER_VARIABLE\",\"value\":\"anothervalue\"},{\"name\":\"SLACK_WEBHOOK\",\"value\":\"https://www.mywebhook.com\"}],\"essential\":true,\"image\":\"169783059585.dkr.ecr.eu-west-2.amazonaws.com/myapp:latest\",\"memory\":256,\"mountPoints\":[],\"name\":\"myapp\",\"portMappings\":[],\"volumesFrom\":[]}]",
            "cpu": "",
            "execution_role_arn": "",
            "family": "myapp",
            "id": "myapp",
            "ipc_mode": "",
            "memory": "",
            "network_mode": "",
            "pid_mode": "",
            "placement_constraints": [],
            "proxy_configuration": [],
            "requires_compatibilities": null,
            "revision": 5,
            "tags": null,
            "task_role_arn": "",
            "volume": []
          },
          "private": "eyJzY2hlbWFfdmVyc2lvbiI6IjEifQ=="
        }
      ]
    },
    {
      "mode": "managed",
      "type": "aws_iam_role",
      "name": "admin",
      "provider": "provider.aws",
      "instances": [
        {
          "schema_version": 0,
          "attributes": {
            "arn": "arn:aws:iam::169783059585:role/terraform-admin",
            "assume_role_policy": "{\"Version\":\"2012-10-17\",\"Statement\":[{\"Sid\":\"\",\"Effect\":\"Allow\",\"Principal\":{\"Service\":\"ec2.amazonaws.com\"},\"Action\":\"sts:AssumeRole\"}]}",
            "create_date": "2020-03-21T23:17:44Z",
            "description": "",
            "force_detach_policies": false,
            "id": "terraform-admin",
            "max_session_duration": 3600,
            "name": "terraform-admin",
            "name_prefix": null,
            "path": "/",
            "permissions_boundary": null,
            "tags": {},
            "unique_id": "AROASPB634SARRDSG7L6I"
          },
          "private": "bnVsbA=="
        }
      ]
    },
    {
      "mode": "managed",
      "type": "aws_iam_role_policy_attachment",
      "name": "admin-policy-attachment",
      "provider": "provider.aws",
      "instances": [
        {
          "schema_version": 0,
          "attributes": {
            "id": "terraform-admin-20200321231745892100000001",
            "policy_arn": "arn:aws:iam::aws:policy/AdministratorAccess",
            "role": "terraform-admin"
          },
          "private": "bnVsbA==",
          "dependencies": [
            "aws_iam_role.admin"
          ]
        }
      ]
    }
  ]
}
